{
  "dependencies": {
    "plist-native": {
      "version": "0.3.1",
      "dependencies": {
        "libxmljs": {
          "version": "0.10.0",
          "dependencies": {
            "bindings": {
              "version": "1.1.1"
            },
            "nan": {
              "version": "1.1.2"
            }
          }
        }
      }
    },
    "shelljs": {
      "version": "0.3.0"
    },
    "watchr": {
      "version": "2.4.11",
      "dependencies": {
        "bal-util": {
          "version": "2.4.1",
          "dependencies": {
            "ambi": {
              "version": "2.1.6"
            }
          }
        },
        "typechecker": {
          "version": "2.0.8"
        },
        "extendr": {
          "version": "2.1.0"
        },
        "eachr": {
          "version": "2.0.2"
        },
        "safefs": {
          "version": "3.1.1",
          "dependencies": {
            "graceful-fs": {
              "version": "2.0.3"
            }
          }
        },
        "taskgroup": {
          "version": "3.3.9",
          "dependencies": {
            "ambi": {
              "version": "2.1.6"
            },
            "extendonclass": {
              "version": "1.0.1"
            }
          }
        },
        "ignorefs": {
          "version": "1.0.0",
          "dependencies": {
            "ignorepatterns": {
              "version": "1.0.1"
            }
          }
        },
        "extract-opts": {
          "version": "2.2.0"
        }
      }
    }
  }
}
